{
  "name": "Eglisette",
  "lockfileVersion": 2,
  "requires": true,
  "packages": {
    "": {
      "dependencies": {
        "article-data": "^0.3.1",
        "markdown-it": "^12.3.2",
        "markdown-it-title": "^4.0.0"
      }
    },
    "node_modules/argparse": {
      "version": "2.0.1",
      "resolved": "https://registry.npmjs.org/argparse/-/argparse-2.0.1.tgz",
      "integrity": "sha512-8+9WqebbFzpX9OR+Wa6O29asIogeRMzcGtAINdpMHHyAg10f05aSFVBbcEqGf/PXw1EjAZ+q2/bEBg3DvurK3Q=="
    },
    "node_modules/article-data": {
      "version": "0.3.1",
      "resolved": "https://registry.npmjs.org/article-data/-/article-data-0.3.1.tgz",
      "integrity": "sha512-4nnSxlHdpMxI22mnrdURkbb4wl/Pb5+6vJfiR+oO4Fex0oO6eXr43TMujqYSnJtED0ROnG0tx+i30xN84evPWw==",
      "dependencies": {
        "get-md-content": "^1.0.0",
        "get-md-date": "^1.0.1",
        "get-md-desc": "^1.0.1",
        "get-md-image": "^1.0.2",
        "get-md-title": "^1.0.3"
      }
    },
    "node_modules/commonmark": {
      "version": "0.21.0",
      "resolved": "https://registry.npmjs.org/commonmark/-/commonmark-0.21.0.tgz",
      "integrity": "sha1-rWRrM1zV9fmJK2mAEp7ZljJvD20=",
      "dependencies": {
        "entities": "~ 1.1.1",
        "mdurl": "~ 1.0.0",
        "string.prototype.repeat": "^0.2.0"
      },
      "bin": {
        "commonmark": "bin/commonmark"
      },
      "engines": {
        "node": "*"
      }
    },
    "node_modules/commonmark-helpers": {
      "version": "0.4.1",
      "resolved": "https://registry.npmjs.org/commonmark-helpers/-/commonmark-helpers-0.4.1.tgz",
      "integrity": "sha1-gDXSjdZMm65RkiCUi+qdabUEWTs=",
      "dependencies": {
        "commonmark": "^0.21.0",
        "ramda": "^0.17.1"
      }
    },
    "node_modules/entities": {
      "version": "1.1.2",
      "resolved": "https://registry.npmjs.org/entities/-/entities-1.1.2.tgz",
      "integrity": "sha512-f2LZMYl1Fzu7YSBKg+RoROelpOaNrcGmE9AZubeDfrCEia483oW4MI4VyFd5VNHIgQ/7qm1I0wUHK1eJnn2y2w=="
    },
    "node_modules/get-md-content": {
      "version": "1.0.0",
      "resolved": "https://registry.npmjs.org/get-md-content/-/get-md-content-1.0.0.tgz",
      "integrity": "sha1-HwygRN2+NAa+ZQOKVjuoSX4repo=",
      "dependencies": {
        "commonmark-helpers": "^0.4.0",
        "ramda": "^0.17.1"
      }
    },
    "node_modules/get-md-date": {
      "version": "1.0.1",
      "resolved": "https://registry.npmjs.org/get-md-date/-/get-md-date-1.0.1.tgz",
      "integrity": "sha1-tbVftMakam50Ao4i/o73rxhYCtg=",
      "dependencies": {
        "commonmark-helpers": "^0.4.0",
        "moment": "^2.10.6",
        "trim-html-tag": "^1.0.4"
      }
    },
    "node_modules/get-md-desc": {
      "version": "1.0.2",
      "resolved": "https://registry.npmjs.org/get-md-desc/-/get-md-desc-1.0.2.tgz",
      "integrity": "sha1-6PS2+58EzO2UXZY9GKP4A2JDyKo=",
      "dependencies": {
        "commonmark-helpers": "^0.4.0",
        "trim-html-tag": "^1.0.4"
      }
    },
    "node_modules/get-md-image": {
      "version": "1.0.2",
      "resolved": "https://registry.npmjs.org/get-md-image/-/get-md-image-1.0.2.tgz",
      "integrity": "sha1-rYqSmtC1mlv5/6DVLJdT6b93PeI=",
      "dependencies": {
        "commonmark-helpers": "^0.4.0"
      }
    },
    "node_modules/get-md-title": {
      "version": "1.0.4",
      "resolved": "https://registry.npmjs.org/get-md-title/-/get-md-title-1.0.4.tgz",
      "integrity": "sha1-2uo3qVovexNsK93fqRfZp9/XDBU=",
      "dependencies": {
        "commonmark-helpers": "^0.4.0",
        "trim-html-tag": "^1.0.3"
      }
    },
    "node_modules/linkify-it": {
      "version": "3.0.3",
      "resolved": "https://registry.npmjs.org/linkify-it/-/linkify-it-3.0.3.tgz",
      "integrity": "sha512-ynTsyrFSdE5oZ/O9GEf00kPngmOfVwazR5GKDq6EYfhlpFug3J2zybX56a2PRRpc9P+FuSoGNAwjlbDs9jJBPQ==",
      "dependencies": {
        "uc.micro": "^1.0.1"
      }
    },
    "node_modules/markdown-it": {
      "version": "12.3.2",
      "resolved": "https://registry.npmjs.org/markdown-it/-/markdown-it-12.3.2.tgz",
      "integrity": "sha512-TchMembfxfNVpHkbtriWltGWc+m3xszaRD0CZup7GFFhzIgQqxIfn3eGj1yZpfuflzPvfkt611B2Q/Bsk1YnGg==",
      "dependencies": {
        "argparse": "^2.0.1",
        "entities": "~2.1.0",
        "linkify-it": "^3.0.1",
        "mdurl": "^1.0.1",
        "uc.micro": "^1.0.5"
      },
      "bin": {
        "markdown-it": "bin/markdown-it.js"
      }
    },
    "node_modules/markdown-it-title": {
      "version": "4.0.0",
      "resolved": "https://registry.npmjs.org/markdown-it-title/-/markdown-it-title-4.0.0.tgz",
      "integrity": "sha512-IeDImxQEbKDGSvTFHFM1FAbHUXa0xqYYwNNM1I2EceCLuA7yqUG8yMyACR+5lt0z1VJWu//yTc+ANIKXSv6rTA=="
    },
    "node_modules/markdown-it/node_modules/entities": {
      "version": "2.1.0",
      "resolved": "https://registry.npmjs.org/entities/-/entities-2.1.0.tgz",
      "integrity": "sha512-hCx1oky9PFrJ611mf0ifBLBRW8lUUVRlFolb5gWRfIELabBlbp9xZvrqZLZAs+NxFnbfQoeGd8wDkygjg7U85w==",
      "funding": {
        "url": "https://github.com/fb55/entities?sponsor=1"
      }
    },
    "node_modules/mdurl": {
      "version": "1.0.1",
      "resolved": "https://registry.npmjs.org/mdurl/-/mdurl-1.0.1.tgz",
      "integrity": "sha1-/oWy7HWlkDfyrf7BAP1sYBdhFS4="
    },
    "node_modules/moment": {
      "version": "2.29.1",
      "resolved": "https://registry.npmjs.org/moment/-/moment-2.29.1.tgz",
      "integrity": "sha512-kHmoybcPV8Sqy59DwNDY3Jefr64lK/by/da0ViFcuA4DH0vQg5Q6Ze5VimxkfQNSC+Mls/Kx53s7TjP1RhFEDQ==",
      "engines": {
        "node": "*"
      }
    },
    "node_modules/ramda": {
      "version": "0.17.1",
      "resolved": "https://registry.npmjs.org/ramda/-/ramda-0.17.1.tgz",
      "integrity": "sha1-TBmBR9OrVOjBUlXxFzDiEW9uYHM="
    },
    "node_modules/string.prototype.repeat": {
      "version": "0.2.0",
      "resolved": "https://registry.npmjs.org/string.prototype.repeat/-/string.prototype.repeat-0.2.0.tgz",
      "integrity": "sha1-q6Nt4I3O5qWjN9SbLqHaGyj8Ds8="
    },
    "node_modules/trim-html-tag": {
      "version": "1.0.5",
      "resolved": "https://registry.npmjs.org/trim-html-tag/-/trim-html-tag-1.0.5.tgz",
      "integrity": "sha1-u+rNf8P8wELOcC+RqtHM2dBad64=",
      "dependencies": {
        "ramda": "^0.17.1"
      }
    },
    "node_modules/uc.micro": {
      "version": "1.0.6",
      "resolved": "https://registry.npmjs.org/uc.micro/-/uc.micro-1.0.6.tgz",
      "integrity": "sha512-8Y75pvTYkLJW2hWQHXxoqRgV7qb9B+9vFEtidML+7koHUFapnVJAZ6cKs+Qjz5Aw3aZWHMC6u0wJE3At+nSGwA=="
    }
  },
  "dependencies": {
    "argparse": {
      "version": "2.0.1",
      "resolved": "https://registry.npmjs.org/argparse/-/argparse-2.0.1.tgz",
      "integrity": "sha512-8+9WqebbFzpX9OR+Wa6O29asIogeRMzcGtAINdpMHHyAg10f05aSFVBbcEqGf/PXw1EjAZ+q2/bEBg3DvurK3Q=="
    },
    "article-data": {
      "version": "0.3.1",
      "resolved": "https://registry.npmjs.org/article-data/-/article-data-0.3.1.tgz",
      "integrity": "sha512-4nnSxlHdpMxI22mnrdURkbb4wl/Pb5+6vJfiR+oO4Fex0oO6eXr43TMujqYSnJtED0ROnG0tx+i30xN84evPWw==",
      "requires": {
        "get-md-content": "^1.0.0",
        "get-md-date": "^1.0.1",
        "get-md-desc": "^1.0.1",
        "get-md-image": "^1.0.2",
        "get-md-title": "^1.0.3"
      }
    },
    "commonmark": {
      "version": "0.21.0",
      "resolved": "https://registry.npmjs.org/commonmark/-/commonmark-0.21.0.tgz",
      "integrity": "sha1-rWRrM1zV9fmJK2mAEp7ZljJvD20=",
      "requires": {
        "entities": "~ 1.1.1",
        "mdurl": "~ 1.0.0",
        "string.prototype.repeat": "^0.2.0"
      }
    },
    "commonmark-helpers": {
      "version": "0.4.1",
      "resolved": "https://registry.npmjs.org/commonmark-helpers/-/commonmark-helpers-0.4.1.tgz",
      "integrity": "sha1-gDXSjdZMm65RkiCUi+qdabUEWTs=",
      "requires": {
        "commonmark": "^0.21.0",
        "ramda": "^0.17.1"
      }
    },
    "entities": {
      "version": "1.1.2",
      "resolved": "https://registry.npmjs.org/entities/-/entities-1.1.2.tgz",
      "integrity": "sha512-f2LZMYl1Fzu7YSBKg+RoROelpOaNrcGmE9AZubeDfrCEia483oW4MI4VyFd5VNHIgQ/7qm1I0wUHK1eJnn2y2w=="
    },
    "get-md-content": {
      "version": "1.0.0",
      "resolved": "https://registry.npmjs.org/get-md-content/-/get-md-content-1.0.0.tgz",
      "integrity": "sha1-HwygRN2+NAa+ZQOKVjuoSX4repo=",
      "requires": {
        "commonmark-helpers": "^0.4.0",
        "ramda": "^0.17.1"
      }
    },
    "get-md-date": {
      "version": "1.0.1",
      "resolved": "https://registry.npmjs.org/get-md-date/-/get-md-date-1.0.1.tgz",
      "integrity": "sha1-tbVftMakam50Ao4i/o73rxhYCtg=",
      "requires": {
        "commonmark-helpers": "^0.4.0",
        "moment": "^2.10.6",
        "trim-html-tag": "^1.0.4"
      }
    },
    "get-md-desc": {
      "version": "1.0.2",
      "resolved": "https://registry.npmjs.org/get-md-desc/-/get-md-desc-1.0.2.tgz",
      "integrity": "sha1-6PS2+58EzO2UXZY9GKP4A2JDyKo=",
      "requires": {
        "commonmark-helpers": "^0.4.0",
        "trim-html-tag": "^1.0.4"
      }
    },
    "get-md-image": {
      "version": "1.0.2",
      "resolved": "https://registry.npmjs.org/get-md-image/-/get-md-image-1.0.2.tgz",
      "integrity": "sha1-rYqSmtC1mlv5/6DVLJdT6b93PeI=",
      "requires": {
        "commonmark-helpers": "^0.4.0"
      }
    },
    "get-md-title": {
      "version": "1.0.4",
      "resolved": "https://registry.npmjs.org/get-md-title/-/get-md-title-1.0.4.tgz",
      "integrity": "sha1-2uo3qVovexNsK93fqRfZp9/XDBU=",
      "requires": {
        "commonmark-helpers": "^0.4.0",
        "trim-html-tag": "^1.0.3"
      }
    },
    "linkify-it": {
      "version": "3.0.3",
      "resolved": "https://registry.npmjs.org/linkify-it/-/linkify-it-3.0.3.tgz",
      "integrity": "sha512-ynTsyrFSdE5oZ/O9GEf00kPngmOfVwazR5GKDq6EYfhlpFug3J2zybX56a2PRRpc9P+FuSoGNAwjlbDs9jJBPQ==",
      "requires": {
        "uc.micro": "^1.0.1"
      }
    },
    "markdown-it": {
      "version": "12.3.2",
      "resolved": "https://registry.npmjs.org/markdown-it/-/markdown-it-12.3.2.tgz",
      "integrity": "sha512-TchMembfxfNVpHkbtriWltGWc+m3xszaRD0CZup7GFFhzIgQqxIfn3eGj1yZpfuflzPvfkt611B2Q/Bsk1YnGg==",
      "requires": {
        "argparse": "^2.0.1",
        "entities": "~2.1.0",
        "linkify-it": "^3.0.1",
        "mdurl": "^1.0.1",
        "uc.micro": "^1.0.5"
      },
      "dependencies": {
        "entities": {
          "version": "2.1.0",
          "resolved": "https://registry.npmjs.org/entities/-/entities-2.1.0.tgz",
          "integrity": "sha512-hCx1oky9PFrJ611mf0ifBLBRW8lUUVRlFolb5gWRfIELabBlbp9xZvrqZLZAs+NxFnbfQoeGd8wDkygjg7U85w=="
        }
      }
    },
    "markdown-it-title": {
      "version": "4.0.0",
      "resolved": "https://registry.npmjs.org/markdown-it-title/-/markdown-it-title-4.0.0.tgz",
      "integrity": "sha512-IeDImxQEbKDGSvTFHFM1FAbHUXa0xqYYwNNM1I2EceCLuA7yqUG8yMyACR+5lt0z1VJWu//yTc+ANIKXSv6rTA=="
    },
    "mdurl": {
      "version": "1.0.1",
      "resolved": "https://registry.npmjs.org/mdurl/-/mdurl-1.0.1.tgz",
      "integrity": "sha1-/oWy7HWlkDfyrf7BAP1sYBdhFS4="
    },
    "moment": {
      "version": "2.29.1",
      "resolved": "https://registry.npmjs.org/moment/-/moment-2.29.1.tgz",
      "integrity": "sha512-kHmoybcPV8Sqy59DwNDY3Jefr64lK/by/da0ViFcuA4DH0vQg5Q6Ze5VimxkfQNSC+Mls/Kx53s7TjP1RhFEDQ=="
    },
    "ramda": {
      "version": "0.17.1",
      "resolved": "https://registry.npmjs.org/ramda/-/ramda-0.17.1.tgz",
      "integrity": "sha1-TBmBR9OrVOjBUlXxFzDiEW9uYHM="
    },
    "string.prototype.repeat": {
      "version": "0.2.0",
      "resolved": "https://registry.npmjs.org/string.prototype.repeat/-/string.prototype.repeat-0.2.0.tgz",
      "integrity": "sha1-q6Nt4I3O5qWjN9SbLqHaGyj8Ds8="
    },
    "trim-html-tag": {
      "version": "1.0.5",
      "resolved": "https://registry.npmjs.org/trim-html-tag/-/trim-html-tag-1.0.5.tgz",
      "integrity": "sha1-u+rNf8P8wELOcC+RqtHM2dBad64=",
      "requires": {
        "ramda": "^0.17.1"
      }
    },
    "uc.micro": {
      "version": "1.0.6",
      "resolved": "https://registry.npmjs.org/uc.micro/-/uc.micro-1.0.6.tgz",
      "integrity": "sha512-8Y75pvTYkLJW2hWQHXxoqRgV7qb9B+9vFEtidML+7koHUFapnVJAZ6cKs+Qjz5Aw3aZWHMC6u0wJE3At+nSGwA=="
    }
  }
}
